
Microsoft Visual Studio Solution File, Format Version 12.00
# Visual Studio Version 17
VisualStudioVersion = 17.11.35222.181
MinimumVisualStudioVersion = 10.0.40219.1
Project("{FAE04EC0-301F-11D3-BF4B-00C04F79EFBC}") = "Assignment", "Assignment\Assignment.csproj", "{E6D345B6-288F-4B4D-A489-FA19D327E1B5}"
EndProject
Global
	GlobalSection(SolutionConfigurationPlatforms) = preSolution
		Debug|Any CPU = Debug|Any CPU
		Release|Any CPU = Release|Any CPU
	EndGlobalSection
	GlobalSection(ProjectConfigurationPlatforms) = postSolution
		{E6D345B6-288F-4B4D-A489-FA19D327E1B5}.Debug|Any CPU.ActiveCfg = Debug|Any CPU
		{E6D345B6-288F-4B4D-A489-FA19D327E1B5}.Debug|Any CPU.Build.0 = Debug|Any CPU
		{E6D345B6-288F-4B4D-A489-FA19D327E1B5}.Release|Any CPU.ActiveCfg = Release|Any CPU
		{E6D345B6-288F-4B4D-A489-FA19D327E1B5}.Release|Any CPU.Build.0 = Release|Any CPU
	EndGlobalSection
	GlobalSection(SolutionProperties) = preSolution
		HideSolutionNode = FALSE
	EndGlobalSection
	GlobalSection(ExtensibilityGlobals) = postSolution
		SolutionGuid = {36629A99-5194-4291-9F52-D115590A0F69}
	EndGlobalSection
EndGlobal
